{
    "_readme": [
        "This file locks the dependencies of your project to a known state",
        "Read more about it at https://getcomposer.org/doc/01-basic-usage.md#installing-dependencies",
        "This file is @generated automatically"
    ],
    "content-hash": "6519c297497099d5897d9fb5e256315d",
    "packages": [
        {
            "name": "klein/klein",
            "version": "dev-master",
            "source": {
                "type": "git",
                "url": "https://github.com/mkaraki/klein.php.git",
                "reference": "2c166d0fb499b8d4b0996409df12e4abc6d461d1"
            },
            "dist": {
                "type": "zip",
                "url": "https://api.github.com/repos/mkaraki/klein.php/zipball/2c166d0fb499b8d4b0996409df12e4abc6d461d1",
                "reference": "2c166d0fb499b8d4b0996409df12e4abc6d461d1",
                "shasum": ""
            },
            "require": {
                "php": ">=8.1.0"
            },
            "require-dev": {
                "jbelien/phpstan-sarif-formatter": "^1.0",
                "phpstan/phpstan": "^1.11",
                "phpunit/php-code-coverage": "10",
                "phpunit/phpunit": "10",
                "squizlabs/php_codesniffer": "3.7.2",
                "vimeo/psalm": "^5.25"
            },
            "default-branch": true,
            "type": "library",
            "autoload": {
                "psr-4": {
                    "Klein\\": "src/Klein/"
                }
            },
            "autoload-dev": {
                "psr-4": {
                    "Klein\\Tests\\": "tests/Klein/Tests"
                }
            },
            "license": [
                "MIT"
            ],
            "authors": [
                {
                    "name": "Chris O'Hara",
                    "email": "cohara87@gmail.com",
                    "homepage": "http://chris6f.com/",
                    "role": "Creator/Developer"
                },
                {
                    "name": "Trevor Suarez",
                    "email": "rican7@gmail.com",
                    "homepage": "https://trevorsuarez.com/",
                    "role": "Contributor/Developer"
                }
            ],
            "description": "A lightning fast router for PHP",
            "homepage": "https://github.com/klein/klein.php",
            "keywords": [
                "boilerplate",
                "router",
                "routing",
                "sinatra"
            ],
            "support": {
                "source": "https://github.com/mkaraki/klein.php/tree/master"
            },
            "time": "2024-08-29T11:44:36+00:00"
        },
        {
            "name": "sergeytsalkov/meekrodb",
            "version": "v2.5.1",
            "source": {
                "type": "git",
                "url": "https://github.com/SergeyTsalkov/meekrodb.git",
                "reference": "08b683a274365983aaf033cf9c589dcbe5190028"
            },
            "dist": {
                "type": "zip",
                "url": "https://api.github.com/repos/SergeyTsalkov/meekrodb/zipball/08b683a274365983aaf033cf9c589dcbe5190028",
                "reference": "08b683a274365983aaf033cf9c589dcbe5190028",
                "shasum": ""
            },
            "require": {
                "php": ">=5.3.0"
            },
            "type": "library",
            "autoload": {
                "classmap": [
                    "db.class.php"
                ]
            },
            "notification-url": "https://packagist.org/downloads/",
            "license": [
                "LGPL-3.0"
            ],
            "authors": [
                {
                    "name": "Sergey Tsalkov",
                    "email": "stsalkov@gmail.com"
                }
            ],
            "description": "The Simple PHP/MySQL Library",
            "homepage": "http://www.meekro.com",
            "keywords": [
                "database",
                "mysql",
                "mysqli",
                "pdo"
            ],
            "support": {
                "email": "support@meekro.com",
                "issues": "https://github.com/SergeyTsalkov/meekrodb/issues",
                "source": "https://github.com/SergeyTsalkov/meekrodb/tree/v2.5.1"
            },
            "time": "2023-10-10T00:28:49+00:00"
        }
    ],
    "packages-dev": [],
    "aliases": [],
    "minimum-stability": "stable",
    "stability-flags": {
        "klein/klein": 20
    },
    "prefer-stable": false,
    "prefer-lowest": false,
    "platform": {
        "ext-imagick": "*",
        "ext-zend-opcache": "*"
    },
    "platform-dev": [],
    "plugin-api-version": "2.6.0"
}
