version = 1
revision = 3
requires-python = ">=3.12"

[[package]]
name = "certifi"
version = "2026.2.25"
source = { registry = "https://pypi.org/simple" }
sdist = { url = "https://files.pythonhosted.org/packages/af/2d/7bf41579a8986e348fa033a31cdd0e4121114f6bce2457e8876010b092dd/certifi-2026.2.25.tar.gz", hash = "sha256:e887ab5cee78ea814d3472169153c2d12cd43b14bd03329a39a9c6e2e80bfba7", size = 155029, upload-time = "2026-02-25T02:54:17.342Z" }
wheels = [
    { url = "https://files.pythonhosted.org/packages/9a/3c/c17fb3ca2d9c3acff52e30b309f538586f9f5b9c9cf454f3845fc9af4881/certifi-2026.2.25-py3-none-any.whl", hash = "sha256:027692e4402ad994f1c42e52a4997a9763c646b73e4096e4d5d6db8af1d6f0fa", size = 153684, upload-time = "2026-02-25T02:54:15.766Z" },
]

[[package]]
name = "ilstr-jpeg-lepton-compress"
version = "0.1.0"
source = { editable = "." }
dependencies = [
    { name = "lepton-jpeg-python" },
    { name = "mysql-connector-python" },
    { name = "sentry-sdk" },
]

[package.metadata]
requires-dist = [
    { name = "lepton-jpeg-python", specifier = "==0.5.8" },
    { name = "mysql-connector-python", specifier = "==9.6.0" },
    { name = "sentry-sdk", specifier = "==2.55.0" },
]

[[package]]
name = "lepton-jpeg-python"
version = "0.5.8"
source = { registry = "https://pypi.org/simple" }
wheels = [
    { url = "https://files.pythonhosted.org/packages/ea/46/36c323d5bc89ee9e6ca8f1496637dfb3a1dd026a015713d376b7dbf1abc5/lepton_jpeg_python-0.5.8-cp314-cp314-macosx_11_0_arm64.whl", hash = "sha256:a1f7aba3cc4412a40266af84dc034b3df7cc2bce5cc9668e7bbf4db5ddd6404d", size = 478694, upload-time = "2026-01-27T05:43:36.744Z" },
    { url = "https://files.pythonhosted.org/packages/12/49/393dc09896c73693504ff32176661b5d32fbdc8526309c8aa3cac50e2fda/lepton_jpeg_python-0.5.8-cp314-cp314-manylinux_2_34_x86_64.whl", hash = "sha256:2e7c9d7121677161282540b9e6b32891be1d983d6b197c10d888e8626536f4c6", size = 3052027, upload-time = "2026-01-27T05:43:05.884Z" },
    { url = "https://files.pythonhosted.org/packages/27/97/aaa98ccf3b7f5224cc8249fb70eaa1c33226a9962d50e6c0bc93bb2030b9/lepton_jpeg_python-0.5.8-cp314-cp314-win_amd64.whl", hash = "sha256:3b3800dac74fb1b1700de8f26fa627e245d92a8270c5855c569c1b7d9de4ffb6", size = 433578, upload-time = "2026-01-27T05:44:14.883Z" },
]

[[package]]
name = "mysql-connector-python"
version = "9.6.0"
source = { registry = "https://pypi.org/simple" }
sdist = { url = "https://files.pythonhosted.org/packages/6f/6e/c89babc7de3df01467d159854414659c885152579903a8220c8db02a3835/mysql_connector_python-9.6.0.tar.gz", hash = "sha256:c453bb55347174d87504b534246fb10c589daf5d057515bf615627198a3c7ef1", size = 12254999, upload-time = "2026-02-10T12:04:52.63Z" }
wheels = [
    { url = "https://files.pythonhosted.org/packages/70/51/13cc90b2a703784cd9a0aa0a6fce07946cf6a2abe7c8fd0b585562e250fc/mysql_connector_python-9.6.0-cp314-cp314-macosx_14_0_arm64.whl", hash = "sha256:e2cc13cd3dcdb845d636e52c4e7a9509b63da09bec6ce1b3696be53a79847e2d", size = 17585800, upload-time = "2026-02-10T12:04:21.6Z" },
    { url = "https://files.pythonhosted.org/packages/c8/6b/ce7ab998fbdd17f35a1b54624365d039045cbb2d42bbc7b03f50d7597c7b/mysql_connector_python-9.6.0-cp314-cp314-macosx_14_0_x86_64.whl", hash = "sha256:a08c2149d4b52a010c4353f18c84716d18114a4ecd00b466ea34138de2c640f2", size = 18452823, upload-time = "2026-02-10T12:04:23.995Z" },
    { url = "https://files.pythonhosted.org/packages/f9/bf/8157ed61d17878c33511dcb97c68ecaaaf6220bea5a2944ea4eba73cc63a/mysql_connector_python-9.6.0-cp314-cp314-manylinux_2_28_aarch64.whl", hash = "sha256:b00228b985edd208b20f45c5e684c54e08e31e01bc1d8c3c18a36641c3be5bf7", size = 34171594, upload-time = "2026-02-10T12:04:27.401Z" },
    { url = "https://files.pythonhosted.org/packages/f7/06/5efdd28819afdb9f1487a62842fda4277febe128a3cd6e9090dbe0a6524e/mysql_connector_python-9.6.0-cp314-cp314-manylinux_2_28_x86_64.whl", hash = "sha256:4617ef5216da7ca32dd46afda61a1552807762434127413bba46fbe4379f59d4", size = 34542851, upload-time = "2026-02-10T12:04:31.021Z" },
    { url = "https://files.pythonhosted.org/packages/40/6a/26e08a4a79f159cd8e5b64eb10bd056e7735b65d4464d98641f59eb9ca3a/mysql_connector_python-9.6.0-cp314-cp314-win_amd64.whl", hash = "sha256:bc782f64ca00b6b933d4c6a35568f1349d115cc4434c849b5b9edc015bee3e62", size = 17002947, upload-time = "2026-02-10T12:04:34.386Z" },
    { url = "https://files.pythonhosted.org/packages/15/dd/b3250826c29cee7816de4409a2fe5e469a68b9a89f6bfaa5eed74f05532c/mysql_connector_python-9.6.0-py2.py3-none-any.whl", hash = "sha256:44b0fb57207ebc6ae05b5b21b7968a9ed33b29187fe87b38951bad2a334d75d5", size = 480527, upload-time = "2026-02-10T12:04:36.176Z" },
]

[[package]]
name = "sentry-sdk"
version = "2.55.0"
source = { registry = "https://pypi.org/simple" }
dependencies = [
    { name = "certifi" },
    { name = "urllib3" },
]
sdist = { url = "https://files.pythonhosted.org/packages/e9/b8/285293dc60fc198fffc3fcdbc7c6d4e646e0f74e61461c355d40faa64ceb/sentry_sdk-2.55.0.tar.gz", hash = "sha256:3774c4d8820720ca4101548131b9c162f4c9426eb7f4d24aca453012a7470f69", size = 424505, upload-time = "2026-03-17T14:15:51.707Z" }
wheels = [
    { url = "https://files.pythonhosted.org/packages/9a/66/20465097782d7e1e742d846407ea7262d338c6e876ddddad38ca8907b38f/sentry_sdk-2.55.0-py2.py3-none-any.whl", hash = "sha256:97026981cb15699394474a196b88503a393cbc58d182ece0d3abe12b9bd978d4", size = 449284, upload-time = "2026-03-17T14:15:49.604Z" },
]

[[package]]
name = "urllib3"
version = "2.7.0"
source = { registry = "https://pypi.org/simple" }
sdist = { url = "https://files.pythonhosted.org/packages/53/0c/06f8b233b8fd13b9e5ee11424ef85419ba0d8ba0b3138bf360be2ff56953/urllib3-2.7.0.tar.gz", hash = "sha256:231e0ec3b63ceb14667c67be60f2f2c40a518cb38b03af60abc813da26505f4c", size = 433602, upload-time = "2026-05-07T16:13:18.596Z" }
wheels = [
    { url = "https://files.pythonhosted.org/packages/7f/3e/5db95bcf282c52709639744ca2a8b149baccf648e39c8cc87553df9eae0c/urllib3-2.7.0-py3-none-any.whl", hash = "sha256:9fb4c81ebbb1ce9531cce37674bbc6f1360472bc18ca9a553ede278ef7276897", size = 131087, upload-time = "2026-05-07T16:13:17.151Z" },
]
