version = 1
revision = 3
requires-python = ">=3.12"

[[package]]
name = "certifi"
version = "2026.2.25"
source = { registry = "https://pypi.org/simple" }
sdist = { url = "https://files.pythonhosted.org/packages/af/2d/7bf41579a8986e348fa033a31cdd0e4121114f6bce2457e8876010b092dd/certifi-2026.2.25.tar.gz", hash = "sha256:e887ab5cee78ea814d3472169153c2d12cd43b14bd03329a39a9c6e2e80bfba7", size = 155029, upload-time = "2026-02-25T02:54:17.342Z" }
wheels = [
    { url = "https://files.pythonhosted.org/packages/9a/3c/c17fb3ca2d9c3acff52e30b309f538586f9f5b9c9cf454f3845fc9af4881/certifi-2026.2.25-py3-none-any.whl", hash = "sha256:027692e4402ad994f1c42e52a4997a9763c646b73e4096e4d5d6db8af1d6f0fa", size = 153684, upload-time = "2026-02-25T02:54:15.766Z" },
]

[[package]]
name = "ilstr-jpeg-lepton-compress"
version = "0.1.0"
source = { editable = "." }
dependencies = [
    { name = "lepton-jpeg-python" },
    { name = "mysql-connector-python" },
    { name = "sentry-sdk" },
]

[package.metadata]
requires-dist = [
    { name = "lepton-jpeg-python", specifier = "==0.5.8" },
    { name = "mysql-connector-python", specifier = "==9.6.0" },
    { name = "sentry-sdk", specifier = "==2.55.0" },
]

[[package]]
name = "lepton-jpeg-python"
version = "0.5.8"
source = { registry = "https://pypi.org/simple" }
wheels = [
    { url = "https://files.pythonhosted.org/packages/3a/55/68f29e2b1aba67ae8151fb994062ffe155882c93fc75f4ec6d3c24ee2092/lepton_jpeg_python-0.5.8-cp312-cp312-macosx_11_0_arm64.whl", hash = "sha256:665e15ddc586346416680b9ab9a6009630bba4e0d50f431c024b1f1d76ff8bbc", size = 479037, upload-time = "2026-01-27T05:43:19.907Z" },
    { url = "https://files.pythonhosted.org/packages/05/18/608d4924a66dc5fbf872ee5bea58ad6586ca766caa439278c4e23bafad73/lepton_jpeg_python-0.5.8-cp312-cp312-manylinux_2_34_x86_64.whl", hash = "sha256:05016e2d22900f7aa4c01275b86bf41037c9fba1a733b2816f2f19412afae172", size = 3059572, upload-time = "2026-01-27T05:43:07.492Z" },
    { url = "https://files.pythonhosted.org/packages/b4/75/72e4c6a1d1ec6558160996990668b5042415194a8bd231d0c9461ce0b184/lepton_jpeg_python-0.5.8-cp312-cp312-win_amd64.whl", hash = "sha256:f96fab57eb0947886fa507e2f5eba9175b70b9dc20236e21e5b4703d71c1a998", size = 434598, upload-time = "2026-01-27T05:44:19.49Z" },
    { url = "https://files.pythonhosted.org/packages/b4/bb/469a43164e0f67291588d532c891da41dd631c889e6f4f0ff341c4ad39c2/lepton_jpeg_python-0.5.8-cp313-cp313-macosx_11_0_arm64.whl", hash = "sha256:1453191498230336c2fc27d248cc4b30ea910e3715c072c4b67bbf16471f57e8", size = 478535, upload-time = "2026-01-27T05:43:28.883Z" },
    { url = "https://files.pythonhosted.org/packages/dd/ae/c7d79110aa138ddbd90188f8886d9c9693ff69f23e213e30e5d25759b82d/lepton_jpeg_python-0.5.8-cp313-cp313-manylinux_2_34_x86_64.whl", hash = "sha256:40d8b934f1dc0227425a90cc9c5baa76e2c0e037e121d717369da419b82d6851", size = 3055026, upload-time = "2026-01-27T05:43:04.726Z" },
    { url = "https://files.pythonhosted.org/packages/55/89/82eea9dac751a0d683af70794c9ec94e69188564a8a49a485c8f386b1891/lepton_jpeg_python-0.5.8-cp313-cp313-win_amd64.whl", hash = "sha256:8e9c57fcbc817706bc359e938868e9c1931685aef32f28e6c2d253615bb8b611", size = 434222, upload-time = "2026-01-27T05:44:18.79Z" },
    { url = "https://files.pythonhosted.org/packages/ea/46/36c323d5bc89ee9e6ca8f1496637dfb3a1dd026a015713d376b7dbf1abc5/lepton_jpeg_python-0.5.8-cp314-cp314-macosx_11_0_arm64.whl", hash = "sha256:a1f7aba3cc4412a40266af84dc034b3df7cc2bce5cc9668e7bbf4db5ddd6404d", size = 478694, upload-time = "2026-01-27T05:43:36.744Z" },
    { url = "https://files.pythonhosted.org/packages/12/49/393dc09896c73693504ff32176661b5d32fbdc8526309c8aa3cac50e2fda/lepton_jpeg_python-0.5.8-cp314-cp314-manylinux_2_34_x86_64.whl", hash = "sha256:2e7c9d7121677161282540b9e6b32891be1d983d6b197c10d888e8626536f4c6", size = 3052027, upload-time = "2026-01-27T05:43:05.884Z" },
    { url = "https://files.pythonhosted.org/packages/27/97/aaa98ccf3b7f5224cc8249fb70eaa1c33226a9962d50e6c0bc93bb2030b9/lepton_jpeg_python-0.5.8-cp314-cp314-win_amd64.whl", hash = "sha256:3b3800dac74fb1b1700de8f26fa627e245d92a8270c5855c569c1b7d9de4ffb6", size = 433578, upload-time = "2026-01-27T05:44:14.883Z" },
]

[[package]]
name = "mysql-connector-python"
version = "9.6.0"
source = { registry = "https://pypi.org/simple" }
sdist = { url = "https://files.pythonhosted.org/packages/6f/6e/c89babc7de3df01467d159854414659c885152579903a8220c8db02a3835/mysql_connector_python-9.6.0.tar.gz", hash = "sha256:c453bb55347174d87504b534246fb10c589daf5d057515bf615627198a3c7ef1", size = 12254999, upload-time = "2026-02-10T12:04:52.63Z" }
wheels = [
    { url = "https://files.pythonhosted.org/packages/8f/d9/2a4b4d90b52f4241f0f71618cd4bd8779dd6d18db8058b0a4dd83ec0541c/mysql_connector_python-9.6.0-cp312-cp312-macosx_14_0_arm64.whl", hash = "sha256:9664e217c72dd6fb700f4c8512af90261f72d2f5d7c00c4e13e4c1e09bfa3d5e", size = 17585672, upload-time = "2026-02-10T12:03:52.955Z" },
    { url = "https://files.pythonhosted.org/packages/33/91/2495835733a054e716a17dc28404748b33f2dc1da1ae4396fb45574adf40/mysql_connector_python-9.6.0-cp312-cp312-macosx_14_0_x86_64.whl", hash = "sha256:1ed4b5c4761e5333035293e746683890e4ef2e818e515d14023fd80293bc31fa", size = 18452624, upload-time = "2026-02-10T12:03:56.153Z" },
    { url = "https://files.pythonhosted.org/packages/7a/69/e83abbbbf7f8eed855b5a5ff7285bc0afb1199418ac036c7691edf41e154/mysql_connector_python-9.6.0-cp312-cp312-manylinux_2_28_aarch64.whl", hash = "sha256:5095758dcb89a6bce2379f349da336c268c407129002b595c5dba82ce387e2a5", size = 34169154, upload-time = "2026-02-10T12:03:58.831Z" },
    { url = "https://files.pythonhosted.org/packages/82/44/67bb61c71f398fbc739d07e8dcadad94e2f655874cb32ae851454066bea0/mysql_connector_python-9.6.0-cp312-cp312-manylinux_2_28_x86_64.whl", hash = "sha256:4ae4e7780fad950a4f267dea5851048d160f5b71314a342cdbf30b154f1c74f7", size = 34542947, upload-time = "2026-02-10T12:04:02.408Z" },
    { url = "https://files.pythonhosted.org/packages/ba/39/994c4f7e9c59d3ca534a831d18442ac4c529865db20aeaa4fd94e2af5efd/mysql_connector_python-9.6.0-cp312-cp312-win_amd64.whl", hash = "sha256:c180e0b4100d7402e03993bfac5c97d18e01d7ca9d198d742fffc245077f8ffe", size = 16515709, upload-time = "2026-02-10T12:04:04.924Z" },
    { url = "https://files.pythonhosted.org/packages/2f/58/9521aa678708ec6cebfd40524c14c3d151e4f29e3774e6086aa0a30d203b/mysql_connector_python-9.6.0-cp313-cp313-macosx_14_0_arm64.whl", hash = "sha256:e86e45a7b540ca09af8a18ecfa761e0cdeccfdb62818331614ec030ae44bfd26", size = 17585837, upload-time = "2026-02-10T12:04:07.004Z" },
    { url = "https://files.pythonhosted.org/packages/39/8d/b108f9bcce9780f6a1f91decb2af54defdaf845e237ddc42f2b4578f1cd7/mysql_connector_python-9.6.0-cp313-cp313-macosx_14_0_x86_64.whl", hash = "sha256:8d3e9252384e1b7f95b07020664f2673d9c29c5e95eeda2e048b3331e190b9d4", size = 18452844, upload-time = "2026-02-10T12:04:09.418Z" },
    { url = "https://files.pythonhosted.org/packages/d6/28/735cd93d16e76dc2feb4abb3f1229a1d9475af34d80c26712fec6abe1d70/mysql_connector_python-9.6.0-cp313-cp313-manylinux_2_28_aarch64.whl", hash = "sha256:0fa18ead33cb699ea92005695077cef09aa494eebf51164ee30c891c3eaea90c", size = 34169374, upload-time = "2026-02-10T12:04:12.13Z" },
    { url = "https://files.pythonhosted.org/packages/42/07/069983799cf4050c68f61a494f94b06f095fee6026ab0dd863a14de30867/mysql_connector_python-9.6.0-cp313-cp313-manylinux_2_28_x86_64.whl", hash = "sha256:a26490cb029bf7b18a1d2093101105b3526a1036b51ad01553d30138f5beb8d2", size = 34543019, upload-time = "2026-02-10T12:04:15.065Z" },
    { url = "https://files.pythonhosted.org/packages/32/00/fbeb7d666ab8153f719e620bac5abfbc74640e8ec511612493110a75fe66/mysql_connector_python-9.6.0-cp313-cp313-win_amd64.whl", hash = "sha256:3460ed976e1b88b7284335d9397a3c519dff56d71580ca1f76ff1c0c7714c813", size = 16515701, upload-time = "2026-02-10T12:04:19.26Z" },
    { url = "https://files.pythonhosted.org/packages/70/51/13cc90b2a703784cd9a0aa0a6fce07946cf6a2abe7c8fd0b585562e250fc/mysql_connector_python-9.6.0-cp314-cp314-macosx_14_0_arm64.whl", hash = "sha256:e2cc13cd3dcdb845d636e52c4e7a9509b63da09bec6ce1b3696be53a79847e2d", size = 17585800, upload-time = "2026-02-10T12:04:21.6Z" },
    { url = "https://files.pythonhosted.org/packages/c8/6b/ce7ab998fbdd17f35a1b54624365d039045cbb2d42bbc7b03f50d7597c7b/mysql_connector_python-9.6.0-cp314-cp314-macosx_14_0_x86_64.whl", hash = "sha256:a08c2149d4b52a010c4353f18c84716d18114a4ecd00b466ea34138de2c640f2", size = 18452823, upload-time = "2026-02-10T12:04:23.995Z" },
    { url = "https://files.pythonhosted.org/packages/f9/bf/8157ed61d17878c33511dcb97c68ecaaaf6220bea5a2944ea4eba73cc63a/mysql_connector_python-9.6.0-cp314-cp314-manylinux_2_28_aarch64.whl", hash = "sha256:b00228b985edd208b20f45c5e684c54e08e31e01bc1d8c3c18a36641c3be5bf7", size = 34171594, upload-time = "2026-02-10T12:04:27.401Z" },
    { url = "https://files.pythonhosted.org/packages/f7/06/5efdd28819afdb9f1487a62842fda4277febe128a3cd6e9090dbe0a6524e/mysql_connector_python-9.6.0-cp314-cp314-manylinux_2_28_x86_64.whl", hash = "sha256:4617ef5216da7ca32dd46afda61a1552807762434127413bba46fbe4379f59d4", size = 34542851, upload-time = "2026-02-10T12:04:31.021Z" },
    { url = "https://files.pythonhosted.org/packages/40/6a/26e08a4a79f159cd8e5b64eb10bd056e7735b65d4464d98641f59eb9ca3a/mysql_connector_python-9.6.0-cp314-cp314-win_amd64.whl", hash = "sha256:bc782f64ca00b6b933d4c6a35568f1349d115cc4434c849b5b9edc015bee3e62", size = 17002947, upload-time = "2026-02-10T12:04:34.386Z" },
    { url = "https://files.pythonhosted.org/packages/15/dd/b3250826c29cee7816de4409a2fe5e469a68b9a89f6bfaa5eed74f05532c/mysql_connector_python-9.6.0-py2.py3-none-any.whl", hash = "sha256:44b0fb57207ebc6ae05b5b21b7968a9ed33b29187fe87b38951bad2a334d75d5", size = 480527, upload-time = "2026-02-10T12:04:36.176Z" },
]

[[package]]
name = "sentry-sdk"
version = "2.55.0"
source = { registry = "https://pypi.org/simple" }
dependencies = [
    { name = "certifi" },
    { name = "urllib3" },
]
sdist = { url = "https://files.pythonhosted.org/packages/e9/b8/285293dc60fc198fffc3fcdbc7c6d4e646e0f74e61461c355d40faa64ceb/sentry_sdk-2.55.0.tar.gz", hash = "sha256:3774c4d8820720ca4101548131b9c162f4c9426eb7f4d24aca453012a7470f69", size = 424505, upload-time = "2026-03-17T14:15:51.707Z" }
wheels = [
    { url = "https://files.pythonhosted.org/packages/9a/66/20465097782d7e1e742d846407ea7262d338c6e876ddddad38ca8907b38f/sentry_sdk-2.55.0-py2.py3-none-any.whl", hash = "sha256:97026981cb15699394474a196b88503a393cbc58d182ece0d3abe12b9bd978d4", size = 449284, upload-time = "2026-03-17T14:15:49.604Z" },
]

[[package]]
name = "urllib3"
version = "2.6.3"
source = { registry = "https://pypi.org/simple" }
sdist = { url = "https://files.pythonhosted.org/packages/c7/24/5f1b3bdffd70275f6661c76461e25f024d5a38a46f04aaca912426a2b1d3/urllib3-2.6.3.tar.gz", hash = "sha256:1b62b6884944a57dbe321509ab94fd4d3b307075e0c2eae991ac71ee15ad38ed", size = 435556, upload-time = "2026-01-07T16:24:43.925Z" }
wheels = [
    { url = "https://files.pythonhosted.org/packages/39/08/aaaad47bc4e9dc8c725e68f9d04865dbcb2052843ff09c97b08904852d84/urllib3-2.6.3-py3-none-any.whl", hash = "sha256:bf272323e553dfb2e87d9bfd225ca7b0f467b919d7bbd355436d3fd37cb0acd4", size = 131584, upload-time = "2026-01-07T16:24:42.685Z" },
]
